// !$*UTF8*$!
{
	archiveVersion = 1;
	classes = {
	};
	objectVersion = 46;
	objects = {

/* Begin PBXBuildFile section */
		257102121E5D25E900C1623E /* main.m in Sources */ = {isa = PBXBuildFile; fileRef = 257102111E5D25E900C1623E /* main.m */; };
		2571021B1E5D260800C1623E /* GCDAsyncSocket.m in Sources */ = {isa = PBXBuildFile; fileRef = 2571021A1E5D260800C1623E /* GCDAsyncSocket.m */; };
		2571021E1E5D28A300C1623E /* TBBSocketListener.m in Sources */ = {isa = PBXBuildFile; fileRef = 2571021D1E5D28A300C1623E /* TBBSocketListener.m */; };
/* End PBXBuildFile section */

/* Begin PBXCopyFilesBuildPhase section */
		2571020C1E5D25E900C1623E /* CopyFiles */ = {
			isa = PBXCopyFilesBuildPhase;
			buildActionMask = 2147483647;
			dstPath = /usr/share/man/man1/;
			dstSubfolderSpec = 0;
			files = (
			);
			runOnlyForDeploymentPostprocessing = 1;
		};
/* End PBXCopyFilesBuildPhase section */

/* Begin PBXFileReference section */
		2571020E1E5D25E900C1623E /* socket服务端 */ = {isa = PBXFileReference; explicitFileType = "compiled.mach-o.executable"; includeInIndex = 0; path = "socket服务端"; sourceTree = BUILT_PRODUCTS_DIR; };
		257102111E5D25E900C1623E /* main.m */ = {isa = PBXFileReference; lastKnownFileType = sourcecode.c.objc; path = main.m; sourceTree = "<group>"; };
		257102191E5D260800C1623E /* GCDAsyncSocket.h */ = {isa = PBXFileReference; fileEncoding = 4; lastKnownFileType = sourcecode.c.h; path = GCDAsyncSocket.h; sourceTree = "<group>"; };
		2571021A1E5D260800C1623E /* GCDAsyncSocket.m */ = {isa = PBXFileReference; fileEncoding = 4; lastKnownFileType = sourcecode.c.objc; path = GCDAsyncSocket.m; sourceTree = "<group>"; };
		2571021C1E5D28A300C1623E /* TBBSocketListener.h */ = {isa = PBXFileReference; fileEncoding = 4; lastKnownFileType = sourcecode.c.h; path = TBBSocketListener.h; sourceTree = "<group>"; };
		2571021D1E5D28A300C1623E /* TBBSocketListener.m */ = {isa = PBXFileReference; fileEncoding = 4; lastKnownFileType = sourcecode.c.objc; path = TBBSocketListener.m; sourceTree = "<group>"; };
/* End PBXFileReference section */

/* Begin PBXFrameworksBuildPhase section */
		2571020B1E5D25E900C1623E /* Frameworks */ = {
			isa = PBXFrameworksBuildPhase;
			buildActionMask = 2147483647;
			files = (
			);
			runOnlyForDeploymentPostprocessing = 0;
		};
/* End PBXFrameworksBuildPhase section */

/* Begin PBXGroup section */
		257102051E5D25E900C1623E = {
			isa = PBXGroup;
			children = (
				257102101E5D25E900C1623E /* socket服务端 */,
				2571020F1E5D25E900C1623E /* Products */,
			);
			sourceTree = "<group>";
		};
		2571020F1E5D25E900C1623E /* Products */ = {
			isa = PBXGroup;
			children = (
				2571020E1E5D25E900C1623E /* socket服务端 */,
			);
			name = Products;
			sourceTree = "<group>";
		};
		257102101E5D25E900C1623E /* socket服务端 */ = {
			isa = PBXGroup;
			children = (
				257102181E5D25F400C1623E /* TCP */,
				257102111E5D25E900C1623E /* main.m */,
				2571021C1E5D28A300C1623E /* TBBSocketListener.h */,
				2571021D1E5D28A300C1623E /* TBBSocketListener.m */,
			);
			path = "socket服务端";
			sourceTree = "<group>";
		};
		257102181E5D25F400C1623E /* TCP */ = {
			isa = PBXGroup;
			children = (
				257102191E5D260800C1623E /* GCDAsyncSocket.h */,
				2571021A1E5D260800C1623E /* GCDAsyncSocket.m */,
			);
			name = TCP;
			sourceTree = "<group>";
		};
/* End PBXGroup section */

/* Begin PBXNativeTarget section */
		2571020D1E5D25E900C1623E /* socket服务端 */ = {
			isa = PBXNativeTarget;
			buildConfigurationList = 257102151E5D25E900C1623E /* Build configuration list for PBXNativeTarget "socket服务端" */;
			buildPhases = (
				2571020A1E5D25E900C1623E /* Sources */,
				2571020B1E5D25E900C1623E /* Frameworks */,
				2571020C1E5D25E900C1623E /* CopyFiles */,
			);
			buildRules = (
			);
			dependencies = (
			);
			name = "socket服务端";
			productName = "socket服务端";
			productReference = 2571020E1E5D25E900C1623E /* socket服务端 */;
			productType = "com.apple.product-type.tool";
		};
/* End PBXNativeTarget section */

/* Begin PBXProject section */
		257102061E5D25E900C1623E /* Project object */ = {
			isa = PBXProject;
			attributes = {
				LastUpgradeCheck = 0820;
				ORGANIZATIONNAME = tbb;
				TargetAttributes = {
					2571020D1E5D25E900C1623E = {
						CreatedOnToolsVersion = 8.2;
						ProvisioningStyle = Automatic;
					};
				};
			};
			buildConfigurationList = 257102091E5D25E900C1623E /* Build configuration list for PBXProject "socket服务端" */;
			compatibilityVersion = "Xcode 3.2";
			developmentRegion = English;
			hasScannedForEncodings = 0;
			knownRegions = (
				en,
			);
			mainGroup = 257102051E5D25E900C1623E;
			productRefGroup = 2571020F1E5D25E900C1623E /* Products */;
			projectDirPath = "";
			projectRoot = "";
			targets = (
				2571020D1E5D25E900C1623E /* socket服务端 */,
			);
		};
/* End PBXProject section */

/* Begin PBXSourcesBuildPhase section */
		2571020A1E5D25E900C1623E /* Sources */ = {
			isa = PBXSourcesBuildPhase;
			buildActionMask = 2147483647;
			files = (
				2571021B1E5D260800C1623E /* GCDAsyncSocket.m in Sources */,
				2571021E1E5D28A300C1623E /* TBBSocketListener.m in Sources */,
				257102121E5D25E900C1623E /* main.m in Sources */,
			);
			runOnlyForDeploymentPostprocessing = 0;
		};
/* End PBXSourcesBuildPhase section */

/* Begin XCBuildConfiguration section */
		257102131E5D25E900C1623E /* Debug */ = {
			isa = XCBuildConfiguration;
			buildSettings = {
				ALWAYS_SEARCH_USER_PATHS = NO;
				CLANG_ANALYZER_NONNULL = YES;
				CLANG_CXX_LANGUAGE_STANDARD = "gnu++0x";
				CLANG_CXX_LIBRARY = "libc++";
				CLANG_ENABLE_MODULES = YES;
				CLANG_ENABLE_OBJC_ARC = YES;
				CLANG_WARN_BOOL_CONVERSION = YES;
				CLANG_WARN_CONSTANT_CONVERSION = YES;
				CLANG_WARN_DIRECT_OBJC_ISA_USAGE = YES_ERROR;
				CLANG_WARN_DOCUMENTATION_COMMENTS = YES;
				CLANG_WARN_EMPTY_BODY = YES;
				CLANG_WARN_ENUM_CONVERSION = YES;
				CLANG_WARN_INFINITE_RECURSION = YES;
				CLANG_WARN_INT_CONVERSION = YES;
				CLANG_WARN_OBJC_ROOT_CLASS = YES_ERROR;
				CLANG_WARN_SUSPICIOUS_MOVE = YES;
				CLANG_WARN_UNREACHABLE_CODE = YES;
				CLANG_WARN__DUPLICATE_METHOD_MATCH = YES;
				CODE_SIGN_IDENTITY = "-";
				COPY_PHASE_STRIP = NO;
				DEBUG_INFORMATION_FORMAT = dwarf;
				ENABLE_STRICT_OBJC_MSGSEND = YES;
				ENABLE_TESTABILITY = YES;
				GCC_C_LANGUAGE_STANDARD = gnu99;
				GCC_DYNAMIC_NO_PIC = NO;
				GCC_NO_COMMON_BLOCKS = YES;
				GCC_OPTIMIZATION_LEVEL = 0;
				GCC_PREPROCESSOR_DEFINITIONS = (
					"DEBUG=1",
					"$(inherited)",
				);
				GCC_WARN_64_TO_32_BIT_CONVERSION = YES;
				GCC_WARN_ABOUT_RETURN_TYPE = YES_ERROR;
				GCC_WARN_UNDECLARED_SELECTOR = YES;
				GCC_WARN_UNINITIALIZED_AUTOS = YES_AGGRESSIVE;
				GCC_WARN_UNUSED_FUNCTION = YES;
				GCC_WARN_UNUSED_VARIABLE = YES;
				MACOSX_DEPLOYMENT_TARGET = 10.12;
				MTL_ENABLE_DEBUG_INFO = YES;
				ONLY_ACTIVE_ARCH = YES;
				SDKROOT = macosx;
			};
			name = Debug;
		};
		257102141E5D25E900C1623E /* Release */ = {
			isa = XCBuildConfiguration;
			buildSettings = {
				ALWAYS_SEARCH_USER_PATHS = NO;
				CLANG_ANALYZER_NONNULL = YES;
				CLANG_CXX_LANGUAGE_STANDARD = "gnu++0x";
				CLANG_CXX_LIBRARY = "libc++";
				CLANG_ENABLE_MODULES = YES;
				CLANG_ENABLE_OBJC_ARC = YES;
				CLANG_WARN_BOOL_CONVERSION = YES;
				CLANG_WARN_CONSTANT_CONVERSION = YES;
				CLANG_WARN_DIRECT_OBJC_ISA_USAGE = YES_ERROR;
				CLANG_WARN_DOCUMENTATION_COMMENTS = YES;
				CLANG_WARN_EMPTY_BODY = YES;
				CLANG_WARN_ENUM_CONVERSION = YES;
				CLANG_WARN_INFINITE_RECURSION = YES;
				CLANG_WARN_INT_CONVERSION = YES;
				CLANG_WARN_OBJC_ROOT_CLASS = YES_ERROR;
				CLANG_WARN_SUSPICIOUS_MOVE = YES;
				CLANG_WARN_UNREACHABLE_CODE = YES;
				CLANG_WARN__DUPLICATE_METHOD_MATCH = YES;
				CODE_SIGN_IDENTITY = "-";
				COPY_PHASE_STRIP = NO;
				DEBUG_INFORMATION_FORMAT = "dwarf-with-dsym";
				ENABLE_NS_ASSERTIONS = NO;
				ENABLE_STRICT_OBJC_MSGSEND = YES;
				GCC_C_LANGUAGE_STANDARD = gnu99;
				GCC_NO_COMMON_BLOCKS = YES;
				GCC_WARN_64_TO_32_BIT_CONVERSION = YES;
				GCC_WARN_ABOUT_RETURN_TYPE = YES_ERROR;
				GCC_WARN_UNDECLARED_SELECTOR = YES;
				GCC_WARN_UNINITIALIZED_AUTOS = YES_AGGRESSIVE;
				GCC_WARN_UNUSED_FUNCTION = YES;
				GCC_WARN_UNUSED_VARIABLE = YES;
				MACOSX_DEPLOYMENT_TARGET = 10.12;
				MTL_ENABLE_DEBUG_INFO = NO;
				SDKROOT = macosx;
			};
			name = Release;
		};
		257102161E5D25E900C1623E /* Debug */ = {
			isa = XCBuildConfiguration;
			buildSettings = {
				PRODUCT_NAME = "$(TARGET_NAME)";
			};
			name = Debug;
		};
		257102171E5D25E900C1623E /* Release */ = {
			isa = XCBuildConfiguration;
			buildSettings = {
				PRODUCT_NAME = "$(TARGET_NAME)";
			};
			name = Release;
		};
/* End XCBuildConfiguration section */

/* Begin XCConfigurationList section */
		257102091E5D25E900C1623E /* Build configuration list for PBXProject "socket服务端" */ = {
			isa = XCConfigurationList;
			buildConfigurations = (
				257102131E5D25E900C1623E /* Debug */,
				257102141E5D25E900C1623E /* Release */,
			);
			defaultConfigurationIsVisible = 0;
			defaultConfigurationName = Release;
		};
		257102151E5D25E900C1623E /* Build configuration list for PBXNativeTarget "socket服务端" */ = {
			isa = XCConfigurationList;
			buildConfigurations = (
				257102161E5D25E900C1623E /* Debug */,
				257102171E5D25E900C1623E /* Release */,
			);
			defaultConfigurationIsVisible = 0;
		};
/* End XCConfigurationList section */
	};
	rootObject = 257102061E5D25E900C1623E /* Project object */;
}
